<?xml version="1.0" encoding="utf-8"?>
<Project ToolsVersion="4.0" xmlns="http://schemas.microsoft.com/developer/msbuild/2003">
  <ItemGroup>
    <Filter Include="Scene">
      <UniqueIdentifier>{ad643951-bcfb-4fdb-ac1f-40f781c99fcb}</UniqueIdentifier>
    </Filter>
    <Filter Include="Character">
      <UniqueIdentifier>{6a8d9134-008d-4574-8226-20ea78fb60bb}</UniqueIdentifier>
    </Filter>
    <Filter Include="Camera">
      <UniqueIdentifier>{16a5e0a6-85d7-4284-a1b3-ef7af924185e}</UniqueIdentifier>
    </Filter>
    <Filter Include="Stage">
      <UniqueIdentifier>{e91d60c0-5478-47e6-84f7-91c53352782b}</UniqueIdentifier>
    </Filter>
    <Filter Include="GameSystem">
      <UniqueIdentifier>{74b6b446-a82a-4e22-8458-dc315591ae02}</UniqueIdentifier>
    </Filter>
    <Filter Include="Object">
      <UniqueIdentifier>{6f470436-bc87-46b9-8db5-4164d165d950}</UniqueIdentifier>
    </Filter>
  </ItemGroup>
  <ItemGroup>
    <ClCompile Include="Main.cpp">
      <Filter>GameSystem</Filter>
    </ClCompile>
    <ClCompile Include="SceneBase.cpp">
      <Filter>Scene</Filter>
    </ClCompile>
    <ClCompile Include="GameScene.cpp">
      <Filter>Scene</Filter>
    </ClCompile>
    <ClCompile Include="GameManager.cpp">
      <Filter>GameSystem</Filter>
    </ClCompile>
    <ClCompile Include="Player.cpp">
      <Filter>Character</Filter>
    </ClCompile>
    <ClCompile Include="Camera.cpp">
      <Filter>Camera</Filter>
    </ClCompile>
    <ClCompile Include="WoodBoard.cpp">
      <Filter>Stage</Filter>
    </ClCompile>
    <ClCompile Include="SkyDome.cpp">
      <Filter>Stage</Filter>
    </ClCompile>
    <ClCompile Include="InputManager.cpp">
      <Filter>GameSystem</Filter>
    </ClCompile>
    <ClCompile Include="Shield.cpp">
      <Filter>Object</Filter>
    </ClCompile>
  </ItemGroup>
  <ItemGroup>
    <ClInclude Include="Utility.h">
      <Filter>GameSystem</Filter>
    </ClInclude>
    <ClInclude Include="SceneBase.h">
      <Filter>Scene</Filter>
    </ClInclude>
    <ClInclude Include="GameScene.h">
      <Filter>Scene</Filter>
    </ClInclude>
    <ClInclude Include="GameManager.h">
      <Filter>GameSystem</Filter>
    </ClInclude>
    <ClInclude Include="Player.h">
      <Filter>Character</Filter>
    </ClInclude>
    <ClInclude Include="Camera.h">
      <Filter>Camera</Filter>
    </ClInclude>
    <ClInclude Include="WoodBoard.h">
      <Filter>Stage</Filter>
    </ClInclude>
    <ClInclude Include="SkyDome.h">
      <Filter>Stage</Filter>
    </ClInclude>
    <ClInclude Include="InputManager.h">
      <Filter>GameSystem</Filter>
    </ClInclude>
    <ClInclude Include="Shield.h">
      <Filter>Object</Filter>
    </ClInclude>
  </ItemGroup>
</Project>