<?xml version="1.0" encoding="utf-8"?>
<Project ToolsVersion="4.0" xmlns="http://schemas.microsoft.com/developer/msbuild/2003">
  <ItemGroup>
    <Filter Include="Scene">
      <UniqueIdentifier>{ad643951-bcfb-4fdb-ac1f-40f781c99fcb}</UniqueIdentifier>
    </Filter>
    <Filter Include="Character">
      <UniqueIdentifier>{6a8d9134-008d-4574-8226-20ea78fb60bb}</UniqueIdentifier>
    </Filter>
    <Filter Include="Camera">
      <UniqueIdentifier>{16a5e0a6-85d7-4284-a1b3-ef7af924185e}</UniqueIdentifier>
    </Filter>
    <Filter Include="Stage">
      <UniqueIdentifier>{e91d60c0-5478-47e6-84f7-91c53352782b}</UniqueIdentifier>
    </Filter>
    <Filter Include="GameSystem">
      <UniqueIdentifier>{74b6b446-a82a-4e22-8458-dc315591ae02}</UniqueIdentifier>
    </Filter>
    <Filter Include="Object">
      <UniqueIdentifier>{6f470436-bc87-46b9-8db5-4164d165d950}</UniqueIdentifier>
    </Filter>
    <Filter Include="Sound">
      <UniqueIdentifier>{2f745967-6579-4cec-b7a1-6d1397a80a23}</UniqueIdentifier>
    </Filter>
    <Filter Include="UI">
      <UniqueIdentifier>{61e2de2d-5c73-4e02-a0ea-8958a95aca7b}</UniqueIdentifier>
    </Filter>
    <Filter Include="Utility">
      <UniqueIdentifier>{1a34da5c-6353-46b4-b445-6cc9a798e7ca}</UniqueIdentifier>
    </Filter>
  </ItemGroup>
  <ItemGroup>
    <ClCompile Include="Main.cpp">
      <Filter>GameSystem</Filter>
    </ClCompile>
    <ClCompile Include="SceneBase.cpp">
      <Filter>Scene</Filter>
    </ClCompile>
    <ClCompile Include="GameScene.cpp">
      <Filter>Scene</Filter>
    </ClCompile>
    <ClCompile Include="GameManager.cpp">
      <Filter>GameSystem</Filter>
    </ClCompile>
    <ClCompile Include="Player.cpp">
      <Filter>Character</Filter>
    </ClCompile>
    <ClCompile Include="Camera.cpp">
      <Filter>Camera</Filter>
    </ClCompile>
    <ClCompile Include="Stage.cpp">
      <Filter>Stage</Filter>
    </ClCompile>
    <ClCompile Include="SkyDome.cpp">
      <Filter>Stage</Filter>
    </ClCompile>
    <ClCompile Include="InputManager.cpp">
      <Filter>GameSystem</Filter>
    </ClCompile>
    <ClCompile Include="Shield.cpp">
      <Filter>Object</Filter>
    </ClCompile>
    <ClCompile Include="Fist.cpp">
      <Filter>Object</Filter>
    </ClCompile>
    <ClCompile Include="CharacterBase.cpp">
      <Filter>Character</Filter>
    </ClCompile>
    <ClCompile Include="Enemy.cpp">
      <Filter>Character</Filter>
    </ClCompile>
    <ClCompile Include="EnemyManager.cpp">
      <Filter>Character</Filter>
    </ClCompile>
    <ClCompile Include="ResultScene.cpp">
      <Filter>Scene</Filter>
    </ClCompile>
    <ClCompile Include="TitleScene.cpp">
      <Filter>Scene</Filter>
    </ClCompile>
    <ClCompile Include="StartScene.cpp">
      <Filter>Scene</Filter>
    </ClCompile>
    <ClCompile Include="BGMManager.cpp">
      <Filter>Sound</Filter>
    </ClCompile>
    <ClCompile Include="SEManager.cpp">
      <Filter>Sound</Filter>
    </ClCompile>
    <ClCompile Include="GameUI.cpp">
      <Filter>UI</Filter>
    </ClCompile>
    <ClCompile Include="Effect.cpp">
      <Filter>Object</Filter>
    </ClCompile>
    <ClCompile Include="Loader.cpp">
      <Filter>Utility</Filter>
    </ClCompile>
    <ClCompile Include="Collision.cpp">
      <Filter>Utility</Filter>
    </ClCompile>
  </ItemGroup>
  <ItemGroup>
    <ClInclude Include="SceneBase.h">
      <Filter>Scene</Filter>
    </ClInclude>
    <ClInclude Include="GameScene.h">
      <Filter>Scene</Filter>
    </ClInclude>
    <ClInclude Include="GameManager.h">
      <Filter>GameSystem</Filter>
    </ClInclude>
    <ClInclude Include="Player.h">
      <Filter>Character</Filter>
    </ClInclude>
    <ClInclude Include="Camera.h">
      <Filter>Camera</Filter>
    </ClInclude>
    <ClInclude Include="Stage.h">
      <Filter>Stage</Filter>
    </ClInclude>
    <ClInclude Include="SkyDome.h">
      <Filter>Stage</Filter>
    </ClInclude>
    <ClInclude Include="InputManager.h">
      <Filter>GameSystem</Filter>
    </ClInclude>
    <ClInclude Include="Shield.h">
      <Filter>Object</Filter>
    </ClInclude>
    <ClInclude Include="Fist.h">
      <Filter>Object</Filter>
    </ClInclude>
    <ClInclude Include="CharacterBase.h">
      <Filter>Character</Filter>
    </ClInclude>
    <ClInclude Include="Enemy.h">
      <Filter>Character</Filter>
    </ClInclude>
    <ClInclude Include="EnemyManager.h">
      <Filter>Character</Filter>
    </ClInclude>
    <ClInclude Include="ResultScene.h">
      <Filter>Scene</Filter>
    </ClInclude>
    <ClInclude Include="TitleScene.h">
      <Filter>Scene</Filter>
    </ClInclude>
    <ClInclude Include="StartScene.h">
      <Filter>Scene</Filter>
    </ClInclude>
    <ClInclude Include="BGMManager.h">
      <Filter>Sound</Filter>
    </ClInclude>
    <ClInclude Include="SEManager.h">
      <Filter>Sound</Filter>
    </ClInclude>
    <ClInclude Include="GameUI.h">
      <Filter>UI</Filter>
    </ClInclude>
    <ClInclude Include="Effect.h">
      <Filter>Object</Filter>
    </ClInclude>
    <ClInclude Include="Utility.h">
      <Filter>Utility</Filter>
    </ClInclude>
    <ClInclude Include="Loader.h">
      <Filter>Utility</Filter>
    </ClInclude>
    <ClInclude Include="Collision.h">
      <Filter>Utility</Filter>
    </ClInclude>
  </ItemGroup>
</Project>